
Microsoft Visual Studio Solution File, Format Version 12.00
# Visual Studio 15
VisualStudioVersion = 15.0.28307.489
MinimumVisualStudioVersion = 10.0.40219.1
Project("{FAE04EC0-301F-11D3-BF4B-00C04F79EFBC}") = "W_Form_analyse_FEM_NN_GUI", "W_Form_analyse_FEM_NN_GUI\W_Form_analyse_FEM_NN_GUI.csproj", "{51CFF513-6D59-4B04-B64C-A092B7AA2320}"
EndProject
Global
	GlobalSection(SolutionConfigurationPlatforms) = preSolution
		Debug|Any CPU = Debug|Any CPU
		Release|Any CPU = Release|Any CPU
	EndGlobalSection
	GlobalSection(ProjectConfigurationPlatforms) = postSolution
		{51CFF513-6D59-4B04-B64C-A092B7AA2320}.Debug|Any CPU.ActiveCfg = Debug|Any CPU
		{51CFF513-6D59-4B04-B64C-A092B7AA2320}.Debug|Any CPU.Build.0 = Debug|Any CPU
		{51CFF513-6D59-4B04-B64C-A092B7AA2320}.Release|Any CPU.ActiveCfg = Release|Any CPU
		{51CFF513-6D59-4B04-B64C-A092B7AA2320}.Release|Any CPU.Build.0 = Release|Any CPU
	EndGlobalSection
	GlobalSection(SolutionProperties) = preSolution
		HideSolutionNode = FALSE
	EndGlobalSection
	GlobalSection(ExtensibilityGlobals) = postSolution
		SolutionGuid = {1276632A-4BC8-47CB-934D-A8B5B03EB60D}
	EndGlobalSection
EndGlobal
